
Microsoft Visual Studio Solution File, Format Version 12.00
# Visual Studio Version 17
VisualStudioVersion = 17.14.36623.8
MinimumVisualStudioVersion = 10.0.40219.1
Project("{FAE04EC0-301F-11D3-BF4B-00C04F79EFBC}") = "Tyuiu.ArkhipovaMD.Sprint6.Task0.V7.Test", "Tyuiu.ArkhipovaMD.Sprint6.Task0.V7.Test\Tyuiu.ArkhipovaMD.Sprint6.Task0.V7.Test.csproj", "{9BB43AFD-FA6D-4AE1-9CB0-B61071B4EDAC}"
EndProject
Project("{2150E333-8FDC-42A3-9474-1A3956D46DE8}") = "Task0", "Task0", "{02EA681E-C7D8-13C7-8484-4AC65E1B71E8}"
EndProject
Project("{FAE04EC0-301F-11D3-BF4B-00C04F79EFBC}") = "Tyuiu.ArkhipovaMD.Sprint6.Task0.V7.Lib", "Tyuiu.ArkhipovaMD.Sprint6.Task0.V7.Lib\Tyuiu.ArkhipovaMD.Sprint6.Task0.V7.Lib.csproj", "{5A0E060C-8958-4B8C-8FDE-1901580E408B}"
EndProject
Project("{FAE04EC0-301F-11D3-BF4B-00C04F79EFBC}") = "Tyuiu.ArkhipovaMD.Sprint6.Task0.V7", "Tyuiu.ArkhipovaMD.Sprint6.Task0.V7\Tyuiu.ArkhipovaMD.Sprint6.Task0.V7.csproj", "{9EE09B8D-FA0B-40FD-A81C-C5D68B0CC128}"
EndProject
Project("{2150E333-8FDC-42A3-9474-1A3956D46DE8}") = "Task1", "Task1", "{3D78A53C-B925-48C8-AFE7-1035D4A4FC9E}"
EndProject
Project("{FAE04EC0-301F-11D3-BF4B-00C04F79EFBC}") = "Tyuiu.ArkhipovaMD.Sprint6.Task1.V17.Lib", "Tyuiu.ArkhipovaMD.Sprint6.Task1.V17.Lib\Tyuiu.ArkhipovaMD.Sprint6.Task1.V17.Lib.csproj", "{3DB0F90A-35BD-4205-883A-83B1AAA08BC1}"
EndProject
Project("{FAE04EC0-301F-11D3-BF4B-00C04F79EFBC}") = "Tyuiu.ArkhipovaMD.Sprint6.Task1.V17.Test", "Tyuiu.ArkhipovaMD.Sprint6.Task1.V17.Test\Tyuiu.ArkhipovaMD.Sprint6.Task1.V17.Test.csproj", "{72EFCBFB-6456-4FCC-B840-00C8E06A9303}"
EndProject
Project("{FAE04EC0-301F-11D3-BF4B-00C04F79EFBC}") = "Tyuiu.ArkhipovaMD.Sprint6.Task1.V17", "Tyuiu.ArkhipovaMD.Sprint6.Task1.V17\Tyuiu.ArkhipovaMD.Sprint6.Task1.V17.csproj", "{4A4AC4E7-FBEA-440B-A3A5-3B3BDCCA616A}"
EndProject
Project("{2150E333-8FDC-42A3-9474-1A3956D46DE8}") = "Task2", "Task2", "{8FAB8F2D-0C80-4850-870F-E9965190D591}"
EndProject
Project("{FAE04EC0-301F-11D3-BF4B-00C04F79EFBC}") = "Tyuiu.ArkhipovaMD.Sprint6.Task2.V14.Lib", "Tyuiu.ArkhipovaMD.Sprint6.Task2.V14.Lib\Tyuiu.ArkhipovaMD.Sprint6.Task2.V14.Lib.csproj", "{AA6DC7FA-6EBA-460A-8EF4-E871A568D1F5}"
EndProject
Project("{FAE04EC0-301F-11D3-BF4B-00C04F79EFBC}") = "Tyuiu.ArkhipovaMD.Sprint6.Task2.V14.Test", "Tyuiu.ArkhipovaMD.Sprint6.Task2.V14.Test\Tyuiu.ArkhipovaMD.Sprint6.Task2.V14.Test.csproj", "{D3C04260-1922-4D8F-AE1D-D3AE3AF09D42}"
EndProject
Project("{FAE04EC0-301F-11D3-BF4B-00C04F79EFBC}") = "Tyuiu.ArkhipovaMD.Sprint6.Task2.V14", "Tyuiu.ArkhipovaMD.Sprint6.Task2.V14\Tyuiu.ArkhipovaMD.Sprint6.Task2.V14.csproj", "{6695F04D-DB21-4782-812F-42051DFF4A27}"
EndProject
Project("{2150E333-8FDC-42A3-9474-1A3956D46DE8}") = "Task3", "Task3", "{75B0DA91-BF2E-403F-ADFE-1BFD03A64DC4}"
EndProject
Project("{FAE04EC0-301F-11D3-BF4B-00C04F79EFBC}") = "Tyuiu.ArkhipovaMD.Sprint6.Task3.V28.Lib", "Tyuiu.ArkhipovaMD.Sprint6.Task3.V28.Lib\Tyuiu.ArkhipovaMD.Sprint6.Task3.V28.Lib.csproj", "{10F08C23-4B14-43AF-95FE-2A9AEBE7F9D0}"
EndProject
Project("{FAE04EC0-301F-11D3-BF4B-00C04F79EFBC}") = "Tyuiu.ArkhipovaMD.Sprint6.Task3.V28.Test", "Tyuiu.ArkhipovaMD.Sprint6.Task3.V28.Test\Tyuiu.ArkhipovaMD.Sprint6.Task3.V28.Test.csproj", "{410C9937-DF0F-4020-882F-B8FA94FCCF0E}"
EndProject
Project("{FAE04EC0-301F-11D3-BF4B-00C04F79EFBC}") = "Tyuiu.ArkhipovaMD.Sprint6.Task3.V28", "Tyuiu.ArkhipovaMD.Sprint6.Task3.V28\Tyuiu.ArkhipovaMD.Sprint6.Task3.V28.csproj", "{EAF74F96-8A9F-40B7-8466-B6969ECE79BD}"
EndProject
Global
	GlobalSection(SolutionConfigurationPlatforms) = preSolution
		Debug|Any CPU = Debug|Any CPU
		Release|Any CPU = Release|Any CPU
	EndGlobalSection
	GlobalSection(ProjectConfigurationPlatforms) = postSolution
		{9BB43AFD-FA6D-4AE1-9CB0-B61071B4EDAC}.Debug|Any CPU.ActiveCfg = Debug|Any CPU
		{9BB43AFD-FA6D-4AE1-9CB0-B61071B4EDAC}.Debug|Any CPU.Build.0 = Debug|Any CPU
		{9BB43AFD-FA6D-4AE1-9CB0-B61071B4EDAC}.Release|Any CPU.ActiveCfg = Release|Any CPU
		{9BB43AFD-FA6D-4AE1-9CB0-B61071B4EDAC}.Release|Any CPU.Build.0 = Release|Any CPU
		{5A0E060C-8958-4B8C-8FDE-1901580E408B}.Debug|Any CPU.ActiveCfg = Debug|Any CPU
		{5A0E060C-8958-4B8C-8FDE-1901580E408B}.Debug|Any CPU.Build.0 = Debug|Any CPU
		{5A0E060C-8958-4B8C-8FDE-1901580E408B}.Release|Any CPU.ActiveCfg = Release|Any CPU
		{5A0E060C-8958-4B8C-8FDE-1901580E408B}.Release|Any CPU.Build.0 = Release|Any CPU
		{9EE09B8D-FA0B-40FD-A81C-C5D68B0CC128}.Debug|Any CPU.ActiveCfg = Debug|Any CPU
		{9EE09B8D-FA0B-40FD-A81C-C5D68B0CC128}.Debug|Any CPU.Build.0 = Debug|Any CPU
		{9EE09B8D-FA0B-40FD-A81C-C5D68B0CC128}.Release|Any CPU.ActiveCfg = Release|Any CPU
		{9EE09B8D-FA0B-40FD-A81C-C5D68B0CC128}.Release|Any CPU.Build.0 = Release|Any CPU
		{3DB0F90A-35BD-4205-883A-83B1AAA08BC1}.Debug|Any CPU.ActiveCfg = Debug|Any CPU
		{3DB0F90A-35BD-4205-883A-83B1AAA08BC1}.Debug|Any CPU.Build.0 = Debug|Any CPU
		{3DB0F90A-35BD-4205-883A-83B1AAA08BC1}.Release|Any CPU.ActiveCfg = Release|Any CPU
		{3DB0F90A-35BD-4205-883A-83B1AAA08BC1}.Release|Any CPU.Build.0 = Release|Any CPU
		{72EFCBFB-6456-4FCC-B840-00C8E06A9303}.Debug|Any CPU.ActiveCfg = Debug|Any CPU
		{72EFCBFB-6456-4FCC-B840-00C8E06A9303}.Debug|Any CPU.Build.0 = Debug|Any CPU
		{72EFCBFB-6456-4FCC-B840-00C8E06A9303}.Release|Any CPU.ActiveCfg = Release|Any CPU
		{72EFCBFB-6456-4FCC-B840-00C8E06A9303}.Release|Any CPU.Build.0 = Release|Any CPU
		{4A4AC4E7-FBEA-440B-A3A5-3B3BDCCA616A}.Debug|Any CPU.ActiveCfg = Debug|Any CPU
		{4A4AC4E7-FBEA-440B-A3A5-3B3BDCCA616A}.Debug|Any CPU.Build.0 = Debug|Any CPU
		{4A4AC4E7-FBEA-440B-A3A5-3B3BDCCA616A}.Release|Any CPU.ActiveCfg = Release|Any CPU
		{4A4AC4E7-FBEA-440B-A3A5-3B3BDCCA616A}.Release|Any CPU.Build.0 = Release|Any CPU
		{AA6DC7FA-6EBA-460A-8EF4-E871A568D1F5}.Debug|Any CPU.ActiveCfg = Debug|Any CPU
		{AA6DC7FA-6EBA-460A-8EF4-E871A568D1F5}.Debug|Any CPU.Build.0 = Debug|Any CPU
		{AA6DC7FA-6EBA-460A-8EF4-E871A568D1F5}.Release|Any CPU.ActiveCfg = Release|Any CPU
		{AA6DC7FA-6EBA-460A-8EF4-E871A568D1F5}.Release|Any CPU.Build.0 = Release|Any CPU
		{D3C04260-1922-4D8F-AE1D-D3AE3AF09D42}.Debug|Any CPU.ActiveCfg = Debug|Any CPU
		{D3C04260-1922-4D8F-AE1D-D3AE3AF09D42}.Debug|Any CPU.Build.0 = Debug|Any CPU
		{D3C04260-1922-4D8F-AE1D-D3AE3AF09D42}.Release|Any CPU.ActiveCfg = Release|Any CPU
		{D3C04260-1922-4D8F-AE1D-D3AE3AF09D42}.Release|Any CPU.Build.0 = Release|Any CPU
		{6695F04D-DB21-4782-812F-42051DFF4A27}.Debug|Any CPU.ActiveCfg = Debug|Any CPU
		{6695F04D-DB21-4782-812F-42051DFF4A27}.Debug|Any CPU.Build.0 = Debug|Any CPU
		{6695F04D-DB21-4782-812F-42051DFF4A27}.Release|Any CPU.ActiveCfg = Release|Any CPU
		{6695F04D-DB21-4782-812F-42051DFF4A27}.Release|Any CPU.Build.0 = Release|Any CPU
		{10F08C23-4B14-43AF-95FE-2A9AEBE7F9D0}.Debug|Any CPU.ActiveCfg = Debug|Any CPU
		{10F08C23-4B14-43AF-95FE-2A9AEBE7F9D0}.Debug|Any CPU.Build.0 = Debug|Any CPU
		{10F08C23-4B14-43AF-95FE-2A9AEBE7F9D0}.Release|Any CPU.ActiveCfg = Release|Any CPU
		{10F08C23-4B14-43AF-95FE-2A9AEBE7F9D0}.Release|Any CPU.Build.0 = Release|Any CPU
		{410C9937-DF0F-4020-882F-B8FA94FCCF0E}.Debug|Any CPU.ActiveCfg = Debug|Any CPU
		{410C9937-DF0F-4020-882F-B8FA94FCCF0E}.Debug|Any CPU.Build.0 = Debug|Any CPU
		{410C9937-DF0F-4020-882F-B8FA94FCCF0E}.Release|Any CPU.ActiveCfg = Release|Any CPU
		{410C9937-DF0F-4020-882F-B8FA94FCCF0E}.Release|Any CPU.Build.0 = Release|Any CPU
		{EAF74F96-8A9F-40B7-8466-B6969ECE79BD}.Debug|Any CPU.ActiveCfg = Debug|Any CPU
		{EAF74F96-8A9F-40B7-8466-B6969ECE79BD}.Debug|Any CPU.Build.0 = Debug|Any CPU
		{EAF74F96-8A9F-40B7-8466-B6969ECE79BD}.Release|Any CPU.ActiveCfg = Release|Any CPU
		{EAF74F96-8A9F-40B7-8466-B6969ECE79BD}.Release|Any CPU.Build.0 = Release|Any CPU
	EndGlobalSection
	GlobalSection(SolutionProperties) = preSolution
		HideSolutionNode = FALSE
	EndGlobalSection
	GlobalSection(NestedProjects) = preSolution
		{9BB43AFD-FA6D-4AE1-9CB0-B61071B4EDAC} = {02EA681E-C7D8-13C7-8484-4AC65E1B71E8}
		{5A0E060C-8958-4B8C-8FDE-1901580E408B} = {02EA681E-C7D8-13C7-8484-4AC65E1B71E8}
		{9EE09B8D-FA0B-40FD-A81C-C5D68B0CC128} = {02EA681E-C7D8-13C7-8484-4AC65E1B71E8}
		{3DB0F90A-35BD-4205-883A-83B1AAA08BC1} = {3D78A53C-B925-48C8-AFE7-1035D4A4FC9E}
		{72EFCBFB-6456-4FCC-B840-00C8E06A9303} = {3D78A53C-B925-48C8-AFE7-1035D4A4FC9E}
		{4A4AC4E7-FBEA-440B-A3A5-3B3BDCCA616A} = {3D78A53C-B925-48C8-AFE7-1035D4A4FC9E}
		{AA6DC7FA-6EBA-460A-8EF4-E871A568D1F5} = {8FAB8F2D-0C80-4850-870F-E9965190D591}
		{D3C04260-1922-4D8F-AE1D-D3AE3AF09D42} = {8FAB8F2D-0C80-4850-870F-E9965190D591}
		{6695F04D-DB21-4782-812F-42051DFF4A27} = {8FAB8F2D-0C80-4850-870F-E9965190D591}
		{10F08C23-4B14-43AF-95FE-2A9AEBE7F9D0} = {75B0DA91-BF2E-403F-ADFE-1BFD03A64DC4}
		{410C9937-DF0F-4020-882F-B8FA94FCCF0E} = {75B0DA91-BF2E-403F-ADFE-1BFD03A64DC4}
		{EAF74F96-8A9F-40B7-8466-B6969ECE79BD} = {75B0DA91-BF2E-403F-ADFE-1BFD03A64DC4}
	EndGlobalSection
	GlobalSection(ExtensibilityGlobals) = postSolution
		SolutionGuid = {470D2DCA-D09F-4430-8085-E830A85B9CA2}
	EndGlobalSection
EndGlobal
